
Microsoft Visual Studio Solution File, Format Version 12.00
# Visual Studio Version 17
VisualStudioVersion = 17.11.35312.102
MinimumVisualStudioVersion = 10.0.40219.1
Project("{FAE04EC0-301F-11D3-BF4B-00C04F79EFBC}") = "pharmacymanagementandpos", "pharmacymanagementandpos\pharmacymanagementandpos.csproj", "{63D5A8AB-5197-4ED9-B392-FC50CC516E5B}"
EndProject
Global
	GlobalSection(SolutionConfigurationPlatforms) = preSolution
		Debug|Any CPU = Debug|Any CPU
		Release|Any CPU = Release|Any CPU
	EndGlobalSection
	GlobalSection(ProjectConfigurationPlatforms) = postSolution
		{63D5A8AB-5197-4ED9-B392-FC50CC516E5B}.Debug|Any CPU.ActiveCfg = Debug|Any CPU
		{63D5A8AB-5197-4ED9-B392-FC50CC516E5B}.Debug|Any CPU.Build.0 = Debug|Any CPU
		{63D5A8AB-5197-4ED9-B392-FC50CC516E5B}.Release|Any CPU.ActiveCfg = Release|Any CPU
		{63D5A8AB-5197-4ED9-B392-FC50CC516E5B}.Release|Any CPU.Build.0 = Release|Any CPU
	EndGlobalSection
	GlobalSection(SolutionProperties) = preSolution
		HideSolutionNode = FALSE
	EndGlobalSection
	GlobalSection(ExtensibilityGlobals) = postSolution
		SolutionGuid = {34380BC4-7F0C-44B0-AD69-B375BCDBAEA0}
	EndGlobalSection
EndGlobal
